// !$*UTF8*$!
{
	archiveVersion = 1;
	classes = {
	};
	objectVersion = 56;
	objects = {

/* Begin PBXBuildFile section */
		29C4C9252D005F6C006A1D48 /* Swinject in Frameworks */ = {isa = PBXBuildFile; productRef = 29C4C9242D005F6C006A1D48 /* Swinject */; };
		29C4C9282D005F86006A1D48 /* DataAssembly.swift in Sources */ = {isa = PBXBuildFile; fileRef = 29C4C9272D005F86006A1D48 /* DataAssembly.swift */; };
		29C4C92A2D005F90006A1D48 /* DomainAssembly.swift in Sources */ = {isa = PBXBuildFile; fileRef = 29C4C9292D005F90006A1D48 /* DomainAssembly.swift */; };
		29C4C92C2D005F9A006A1D48 /* PresentationAssembly.swift in Sources */ = {isa = PBXBuildFile; fileRef = 29C4C92B2D005F9A006A1D48 /* PresentationAssembly.swift */; };
		29C4C92E2D006164006A1D48 /* DependencyInjector.swift in Sources */ = {isa = PBXBuildFile; fileRef = 29C4C92D2D006164006A1D48 /* DependencyInjector.swift */; };
		29F8A4612D0035E9005521B4 /* BusinessNumberValidateApp.swift in Sources */ = {isa = PBXBuildFile; fileRef = 29F8A4602D0035E9005521B4 /* BusinessNumberValidateApp.swift */; };
		29F8A4652D0035ED005521B4 /* Assets.xcassets in Resources */ = {isa = PBXBuildFile; fileRef = 29F8A4642D0035ED005521B4 /* Assets.xcassets */; };
		29F8A4682D0035ED005521B4 /* Preview Assets.xcassets in Resources */ = {isa = PBXBuildFile; fileRef = 29F8A4672D0035ED005521B4 /* Preview Assets.xcassets */; };
		29F8A46D2D0035ED005521B4 /* BusinessNumberValidate.xcdatamodeld in Sources */ = {isa = PBXBuildFile; fileRef = 29F8A46B2D0035ED005521B4 /* BusinessNumberValidate.xcdatamodeld */; };
		29F8A4812D0035EE005521B4 /* BusinessNumberValidateUITests.swift in Sources */ = {isa = PBXBuildFile; fileRef = 29F8A4802D0035EE005521B4 /* BusinessNumberValidateUITests.swift */; };
		29F8A4832D0035EE005521B4 /* BusinessNumberValidateUITestsLaunchTests.swift in Sources */ = {isa = PBXBuildFile; fileRef = 29F8A4822D0035EE005521B4 /* BusinessNumberValidateUITestsLaunchTests.swift */; };
		29F8A49E2D003D52005521B4 /* BusinessStatusView.swift in Sources */ = {isa = PBXBuildFile; fileRef = 29F8A49D2D003D52005521B4 /* BusinessStatusView.swift */; };
		29F8A4A12D003E91005521B4 /* ComposableArchitecture in Frameworks */ = {isa = PBXBuildFile; productRef = 29F8A4A02D003E91005521B4 /* ComposableArchitecture */; };
		29F8A4A32D003EBD005521B4 /* LoadingView.swift in Sources */ = {isa = PBXBuildFile; fileRef = 29F8A4A22D003EBD005521B4 /* LoadingView.swift */; };
		29F8A4A52D003ECD005521B4 /* BusinessStatusReducer.swift in Sources */ = {isa = PBXBuildFile; fileRef = 29F8A4A42D003ECD005521B4 /* BusinessStatusReducer.swift */; };
		29F8A4AE2D0040B7005521B4 /* BusinessStatus.swift in Sources */ = {isa = PBXBuildFile; fileRef = 29F8A4AD2D0040B7005521B4 /* BusinessStatus.swift */; };
		29F8A4B02D0040D0005521B4 /* BusinessStatusRepository.swift in Sources */ = {isa = PBXBuildFile; fileRef = 29F8A4AF2D0040D0005521B4 /* BusinessStatusRepository.swift */; };
		29F8A4B22D004108005521B4 /* FetchBusinessStatusUseCase.swift in Sources */ = {isa = PBXBuildFile; fileRef = 29F8A4B12D004108005521B4 /* FetchBusinessStatusUseCase.swift */; };
		29F8A4B72D004B0B005521B4 /* BusinessStatusRepositoryImpl.swift in Sources */ = {isa = PBXBuildFile; fileRef = 29F8A4B62D004B0B005521B4 /* BusinessStatusRepositoryImpl.swift */; };
		29F8A4B92D004B51005521B4 /* BusinessStatusDTO.swift in Sources */ = {isa = PBXBuildFile; fileRef = 29F8A4B82D004B51005521B4 /* BusinessStatusDTO.swift */; };
		29F8A4BB2D004BFF005521B4 /* ResponseDTO.swift in Sources */ = {isa = PBXBuildFile; fileRef = 29F8A4BA2D004BFF005521B4 /* ResponseDTO.swift */; };
		29F8A4BE2D004DDB005521B4 /* APIClient.swift in Sources */ = {isa = PBXBuildFile; fileRef = 29F8A4BD2D004DDB005521B4 /* APIClient.swift */; };
		29F8A4C02D004DE6005521B4 /* Endpoint.swift in Sources */ = {isa = PBXBuildFile; fileRef = 29F8A4BF2D004DE6005521B4 /* Endpoint.swift */; };
		3BB589E32D0095F3008A93E1 /* BusinessError.swift in Sources */ = {isa = PBXBuildFile; fileRef = 3BB589E22D0095F0008A93E1 /* BusinessError.swift */; };
		3BB589E52D009773008A93E1 /* APIError.swift in Sources */ = {isa = PBXBuildFile; fileRef = 3BB589E42D00976C008A93E1 /* APIError.swift */; };
		3BB589E82D00A48A008A93E1 /* MockAPIClient.swift in Sources */ = {isa = PBXBuildFile; fileRef = 3BB589E72D00A487008A93E1 /* MockAPIClient.swift */; };
		3BB589EB2D00A4B7008A93E1 /* BusinessStatusRepositoryTests.swift in Sources */ = {isa = PBXBuildFile; fileRef = 3BB589EA2D00A4B3008A93E1 /* BusinessStatusRepositoryTests.swift */; };
		3BB589EE2D0170F9008A93E1 /* BusinessStatusStorage.swift in Sources */ = {isa = PBXBuildFile; fileRef = 3BB589ED2D0170F1008A93E1 /* BusinessStatusStorage.swift */; };
		3BB589F02D01715D008A93E1 /* CoreDataStack.swift in Sources */ = {isa = PBXBuildFile; fileRef = 3BB589EF2D01715B008A93E1 /* CoreDataStack.swift */; };
		3BB589F22D0171B2008A93E1 /* CoreDataConvertible.swift in Sources */ = {isa = PBXBuildFile; fileRef = 3BB589F12D0171AE008A93E1 /* CoreDataConvertible.swift */; };
		3BB589F42D0173AE008A93E1 /* BusinessStatusEntity.swift in Sources */ = {isa = PBXBuildFile; fileRef = 3BB589F32D0173AB008A93E1 /* BusinessStatusEntity.swift */; };
		3BD214272D017CBA00E88F2E /* MockBusinessStatusStorage.swift in Sources */ = {isa = PBXBuildFile; fileRef = 3BD214262D017CB800E88F2E /* MockBusinessStatusStorage.swift */; };
		3BD2142A2D0197A300E88F2E /* NetworkTask.swift in Sources */ = {isa = PBXBuildFile; fileRef = 3BD214292D01979C00E88F2E /* NetworkTask.swift */; };
		3BD2142C2D0197B800E88F2E /* TaskQueue.swift in Sources */ = {isa = PBXBuildFile; fileRef = 3BD2142B2D0197B600E88F2E /* TaskQueue.swift */; };
		3BD2142E2D0197D700E88F2E /* NetworkMonitor.swift in Sources */ = {isa = PBXBuildFile; fileRef = 3BD2142D2D0197D400E88F2E /* NetworkMonitor.swift */; };
		3BD214302D01B70900E88F2E /* MainContentView.swift in Sources */ = {isa = PBXBuildFile; fileRef = 3BD2142F2D01B6FC00E88F2E /* MainContentView.swift */; };
		3BD214322D01B76500E88F2E /* StatusOrErrorView.swift in Sources */ = {isa = PBXBuildFile; fileRef = 3BD214312D01B76200E88F2E /* StatusOrErrorView.swift */; };
		3BD214342D01B78500E88F2E /* FetchButton.swift in Sources */ = {isa = PBXBuildFile; fileRef = 3BD214332D01B78400E88F2E /* FetchButton.swift */; };
		3BD214362D01B79700E88F2E /* TextFieldView.swift in Sources */ = {isa = PBXBuildFile; fileRef = 3BD214352D01B79400E88F2E /* TextFieldView.swift */; };
		3BD214382D01B89200E88F2E /* BusinessStatusView_Previews.swift in Sources */ = {isa = PBXBuildFile; fileRef = 3BD214372D01B89000E88F2E /* BusinessStatusView_Previews.swift */; };
		3BD2143A2D01C11400E88F2E /* ErrorToastView.swift in Sources */ = {isa = PBXBuildFile; fileRef = 3BD214392D01C11400E88F2E /* ErrorToastView.swift */; };
/* End PBXBuildFile section */

/* Begin PBXContainerItemProxy section */
		29F8A4732D0035EE005521B4 /* PBXContainerItemProxy */ = {
			isa = PBXContainerItemProxy;
			containerPortal = 29F8A4552D0035E9005521B4 /* Project object */;
			proxyType = 1;
			remoteGlobalIDString = 29F8A45C2D0035E9005521B4;
			remoteInfo = BusinessNumberValidate;
		};
		29F8A47D2D0035EE005521B4 /* PBXContainerItemProxy */ = {
			isa = PBXContainerItemProxy;
			containerPortal = 29F8A4552D0035E9005521B4 /* Project object */;
			proxyType = 1;
			remoteGlobalIDString = 29F8A45C2D0035E9005521B4;
			remoteInfo = BusinessNumberValidate;
		};
/* End PBXContainerItemProxy section */

/* Begin PBXFileReference section */
		29C4C9272D005F86006A1D48 /* DataAssembly.swift */ = {isa = PBXFileReference; lastKnownFileType = sourcecode.swift; path = DataAssembly.swift; sourceTree = "<group>"; };
		29C4C9292D005F90006A1D48 /* DomainAssembly.swift */ = {isa = PBXFileReference; lastKnownFileType = sourcecode.swift; path = DomainAssembly.swift; sourceTree = "<group>"; };
		29C4C92B2D005F9A006A1D48 /* PresentationAssembly.swift */ = {isa = PBXFileReference; lastKnownFileType = sourcecode.swift; path = PresentationAssembly.swift; sourceTree = "<group>"; };
		29C4C92D2D006164006A1D48 /* DependencyInjector.swift */ = {isa = PBXFileReference; lastKnownFileType = sourcecode.swift; path = DependencyInjector.swift; sourceTree = "<group>"; };
		29F8A45D2D0035E9005521B4 /* BusinessNumberValidate.app */ = {isa = PBXFileReference; explicitFileType = wrapper.application; includeInIndex = 0; path = BusinessNumberValidate.app; sourceTree = BUILT_PRODUCTS_DIR; };
		29F8A4602D0035E9005521B4 /* BusinessNumberValidateApp.swift */ = {isa = PBXFileReference; lastKnownFileType = sourcecode.swift; path = BusinessNumberValidateApp.swift; sourceTree = "<group>"; };
		29F8A4642D0035ED005521B4 /* Assets.xcassets */ = {isa = PBXFileReference; lastKnownFileType = folder.assetcatalog; path = Assets.xcassets; sourceTree = "<group>"; };
		29F8A4672D0035ED005521B4 /* Preview Assets.xcassets */ = {isa = PBXFileReference; lastKnownFileType = folder.assetcatalog; path = "Preview Assets.xcassets"; sourceTree = "<group>"; };
		29F8A46C2D0035ED005521B4 /* BusinessNumberValidate.xcdatamodel */ = {isa = PBXFileReference; lastKnownFileType = wrapper.xcdatamodel; path = BusinessNumberValidate.xcdatamodel; sourceTree = "<group>"; };
		29F8A4722D0035EE005521B4 /* BusinessNumberValidateTests.xctest */ = {isa = PBXFileReference; explicitFileType = wrapper.cfbundle; includeInIndex = 0; path = BusinessNumberValidateTests.xctest; sourceTree = BUILT_PRODUCTS_DIR; };
		29F8A47C2D0035EE005521B4 /* BusinessNumberValidateUITests.xctest */ = {isa = PBXFileReference; explicitFileType = wrapper.cfbundle; includeInIndex = 0; path = BusinessNumberValidateUITests.xctest; sourceTree = BUILT_PRODUCTS_DIR; };
		29F8A4802D0035EE005521B4 /* BusinessNumberValidateUITests.swift */ = {isa = PBXFileReference; lastKnownFileType = sourcecode.swift; path = BusinessNumberValidateUITests.swift; sourceTree = "<group>"; };
		29F8A4822D0035EE005521B4 /* BusinessNumberValidateUITestsLaunchTests.swift */ = {isa = PBXFileReference; lastKnownFileType = sourcecode.swift; path = BusinessNumberValidateUITestsLaunchTests.swift; sourceTree = "<group>"; };
		29F8A49D2D003D52005521B4 /* BusinessStatusView.swift */ = {isa = PBXFileReference; lastKnownFileType = sourcecode.swift; path = BusinessStatusView.swift; sourceTree = "<group>"; };
		29F8A4A22D003EBD005521B4 /* LoadingView.swift */ = {isa = PBXFileReference; lastKnownFileType = sourcecode.swift; path = LoadingView.swift; sourceTree = "<group>"; };
		29F8A4A42D003ECD005521B4 /* BusinessStatusReducer.swift */ = {isa = PBXFileReference; lastKnownFileType = sourcecode.swift; path = BusinessStatusReducer.swift; sourceTree = "<group>"; };
		29F8A4AD2D0040B7005521B4 /* BusinessStatus.swift */ = {isa = PBXFileReference; lastKnownFileType = sourcecode.swift; path = BusinessStatus.swift; sourceTree = "<group>"; };
		29F8A4AF2D0040D0005521B4 /* BusinessStatusRepository.swift */ = {isa = PBXFileReference; lastKnownFileType = sourcecode.swift; path = BusinessStatusRepository.swift; sourceTree = "<group>"; };
		29F8A4B12D004108005521B4 /* FetchBusinessStatusUseCase.swift */ = {isa = PBXFileReference; lastKnownFileType = sourcecode.swift; path = FetchBusinessStatusUseCase.swift; sourceTree = "<group>"; };
		29F8A4B62D004B0B005521B4 /* BusinessStatusRepositoryImpl.swift */ = {isa = PBXFileReference; lastKnownFileType = sourcecode.swift; path = BusinessStatusRepositoryImpl.swift; sourceTree = "<group>"; };
		29F8A4B82D004B51005521B4 /* BusinessStatusDTO.swift */ = {isa = PBXFileReference; lastKnownFileType = sourcecode.swift; path = BusinessStatusDTO.swift; sourceTree = "<group>"; };
		29F8A4BA2D004BFF005521B4 /* ResponseDTO.swift */ = {isa = PBXFileReference; lastKnownFileType = sourcecode.swift; path = ResponseDTO.swift; sourceTree = "<group>"; };
		29F8A4BD2D004DDB005521B4 /* APIClient.swift */ = {isa = PBXFileReference; lastKnownFileType = sourcecode.swift; path = APIClient.swift; sourceTree = "<group>"; };
		29F8A4BF2D004DE6005521B4 /* Endpoint.swift */ = {isa = PBXFileReference; lastKnownFileType = sourcecode.swift; path = Endpoint.swift; sourceTree = "<group>"; };
		3BB589E22D0095F0008A93E1 /* BusinessError.swift */ = {isa = PBXFileReference; lastKnownFileType = sourcecode.swift; path = BusinessError.swift; sourceTree = "<group>"; };
		3BB589E42D00976C008A93E1 /* APIError.swift */ = {isa = PBXFileReference; lastKnownFileType = sourcecode.swift; path = APIError.swift; sourceTree = "<group>"; };
		3BB589E72D00A487008A93E1 /* MockAPIClient.swift */ = {isa = PBXFileReference; lastKnownFileType = sourcecode.swift; path = MockAPIClient.swift; sourceTree = "<group>"; };
		3BB589EA2D00A4B3008A93E1 /* BusinessStatusRepositoryTests.swift */ = {isa = PBXFileReference; lastKnownFileType = sourcecode.swift; path = BusinessStatusRepositoryTests.swift; sourceTree = "<group>"; };
		3BB589ED2D0170F1008A93E1 /* BusinessStatusStorage.swift */ = {isa = PBXFileReference; lastKnownFileType = sourcecode.swift; path = BusinessStatusStorage.swift; sourceTree = "<group>"; };
		3BB589EF2D01715B008A93E1 /* CoreDataStack.swift */ = {isa = PBXFileReference; lastKnownFileType = sourcecode.swift; path = CoreDataStack.swift; sourceTree = "<group>"; };
		3BB589F12D0171AE008A93E1 /* CoreDataConvertible.swift */ = {isa = PBXFileReference; lastKnownFileType = sourcecode.swift; path = CoreDataConvertible.swift; sourceTree = "<group>"; };
		3BB589F32D0173AB008A93E1 /* BusinessStatusEntity.swift */ = {isa = PBXFileReference; lastKnownFileType = sourcecode.swift; path = BusinessStatusEntity.swift; sourceTree = "<group>"; };
		3BD214262D017CB800E88F2E /* MockBusinessStatusStorage.swift */ = {isa = PBXFileReference; lastKnownFileType = sourcecode.swift; path = MockBusinessStatusStorage.swift; sourceTree = "<group>"; };
		3BD214292D01979C00E88F2E /* NetworkTask.swift */ = {isa = PBXFileReference; lastKnownFileType = sourcecode.swift; path = NetworkTask.swift; sourceTree = "<group>"; };
		3BD2142B2D0197B600E88F2E /* TaskQueue.swift */ = {isa = PBXFileReference; lastKnownFileType = sourcecode.swift; path = TaskQueue.swift; sourceTree = "<group>"; };
		3BD2142D2D0197D400E88F2E /* NetworkMonitor.swift */ = {isa = PBXFileReference; lastKnownFileType = sourcecode.swift; path = NetworkMonitor.swift; sourceTree = "<group>"; };
		3BD2142F2D01B6FC00E88F2E /* MainContentView.swift */ = {isa = PBXFileReference; lastKnownFileType = sourcecode.swift; path = MainContentView.swift; sourceTree = "<group>"; };
		3BD214312D01B76200E88F2E /* StatusOrErrorView.swift */ = {isa = PBXFileReference; lastKnownFileType = sourcecode.swift; path = StatusOrErrorView.swift; sourceTree = "<group>"; };
		3BD214332D01B78400E88F2E /* FetchButton.swift */ = {isa = PBXFileReference; lastKnownFileType = sourcecode.swift; path = FetchButton.swift; sourceTree = "<group>"; };
		3BD214352D01B79400E88F2E /* TextFieldView.swift */ = {isa = PBXFileReference; lastKnownFileType = sourcecode.swift; path = TextFieldView.swift; sourceTree = "<group>"; };
		3BD214372D01B89000E88F2E /* BusinessStatusView_Previews.swift */ = {isa = PBXFileReference; lastKnownFileType = sourcecode.swift; path = BusinessStatusView_Previews.swift; sourceTree = "<group>"; };
		3BD214392D01C11400E88F2E /* ErrorToastView.swift */ = {isa = PBXFileReference; lastKnownFileType = sourcecode.swift; path = ErrorToastView.swift; sourceTree = "<group>"; };
/* End PBXFileReference section */

/* Begin PBXFrameworksBuildPhase section */
		29F8A45A2D0035E9005521B4 /* Frameworks */ = {
			isa = PBXFrameworksBuildPhase;
			buildActionMask = 2147483647;
			files = (
				29F8A4A12D003E91005521B4 /* ComposableArchitecture in Frameworks */,
				29C4C9252D005F6C006A1D48 /* Swinject in Frameworks */,
			);
			runOnlyForDeploymentPostprocessing = 0;
		};
		29F8A46F2D0035EE005521B4 /* Frameworks */ = {
			isa = PBXFrameworksBuildPhase;
			buildActionMask = 2147483647;
			files = (
			);
			runOnlyForDeploymentPostprocessing = 0;
		};
		29F8A4792D0035EE005521B4 /* Frameworks */ = {
			isa = PBXFrameworksBuildPhase;
			buildActionMask = 2147483647;
			files = (
			);
			runOnlyForDeploymentPostprocessing = 0;
		};
/* End PBXFrameworksBuildPhase section */

/* Begin PBXGroup section */
		29C4C9222D005ECE006A1D48 /* Dependency */ = {
			isa = PBXGroup;
			children = (
				29C4C92D2D006164006A1D48 /* DependencyInjector.swift */,
				29C4C9262D005F74006A1D48 /* Assembly */,
			);
			path = Dependency;
			sourceTree = "<group>";
		};
		29C4C9262D005F74006A1D48 /* Assembly */ = {
			isa = PBXGroup;
			children = (
				29C4C9272D005F86006A1D48 /* DataAssembly.swift */,
				29C4C9292D005F90006A1D48 /* DomainAssembly.swift */,
				29C4C92B2D005F9A006A1D48 /* PresentationAssembly.swift */,
			);
			path = Assembly;
			sourceTree = "<group>";
		};
		29F8A4542D0035E9005521B4 = {
			isa = PBXGroup;
			children = (
				29F8A45F2D0035E9005521B4 /* BusinessNumberValidate */,
				29F8A4752D0035EE005521B4 /* BusinessNumberValidateTests */,
				29F8A47F2D0035EE005521B4 /* BusinessNumberValidateUITests */,
				29F8A45E2D0035E9005521B4 /* Products */,
			);
			sourceTree = "<group>";
		};
		29F8A45E2D0035E9005521B4 /* Products */ = {
			isa = PBXGroup;
			children = (
				29F8A45D2D0035E9005521B4 /* BusinessNumberValidate.app */,
				29F8A4722D0035EE005521B4 /* BusinessNumberValidateTests.xctest */,
				29F8A47C2D0035EE005521B4 /* BusinessNumberValidateUITests.xctest */,
			);
			name = Products;
			sourceTree = "<group>";
		};
		29F8A45F2D0035E9005521B4 /* BusinessNumberValidate */ = {
			isa = PBXGroup;
			children = (
				29C4C9222D005ECE006A1D48 /* Dependency */,
				29F8A4992D003B18005521B4 /* Presentation */,
				29F8A48F2D0037F5005521B4 /* Domain */,
				29F8A4932D003A6A005521B4 /* Data */,
				29F8A4942D003A72005521B4 /* Applications */,
				29F8A4952D003A7A005521B4 /* Resources */,
				29F8A4662D0035ED005521B4 /* Preview Content */,
			);
			path = BusinessNumberValidate;
			sourceTree = "<group>";
		};
		29F8A4662D0035ED005521B4 /* Preview Content */ = {
			isa = PBXGroup;
			children = (
				29F8A4672D0035ED005521B4 /* Preview Assets.xcassets */,
			);
			path = "Preview Content";
			sourceTree = "<group>";
		};
		29F8A4752D0035EE005521B4 /* BusinessNumberValidateTests */ = {
			isa = PBXGroup;
			children = (
				3BB589E62D00A46D008A93E1 /* Mock */,
				3BB589E92D00A4AC008A93E1 /* Tests */,
			);
			path = BusinessNumberValidateTests;
			sourceTree = "<group>";
		};
		29F8A47F2D0035EE005521B4 /* BusinessNumberValidateUITests */ = {
			isa = PBXGroup;
			children = (
				29F8A4802D0035EE005521B4 /* BusinessNumberValidateUITests.swift */,
				29F8A4822D0035EE005521B4 /* BusinessNumberValidateUITestsLaunchTests.swift */,
			);
			path = BusinessNumberValidateUITests;
			sourceTree = "<group>";
		};
		29F8A48F2D0037F5005521B4 /* Domain */ = {
			isa = PBXGroup;
			children = (
				29F8A4912D003803005521B4 /* Entities */,
				29F8A4902D0037FC005521B4 /* UseCases */,
				29F8A4962D003A87005521B4 /* Interfaces */,
			);
			path = Domain;
			sourceTree = "<group>";
		};
		29F8A4902D0037FC005521B4 /* UseCases */ = {
			isa = PBXGroup;
			children = (
				29F8A4B12D004108005521B4 /* FetchBusinessStatusUseCase.swift */,
			);
			path = UseCases;
			sourceTree = "<group>";
		};
		29F8A4912D003803005521B4 /* Entities */ = {
			isa = PBXGroup;
			children = (
				3BB589E22D0095F0008A93E1 /* BusinessError.swift */,
				29F8A4AD2D0040B7005521B4 /* BusinessStatus.swift */,
			);
			path = Entities;
			sourceTree = "<group>";
		};
		29F8A4922D00380F005521B4 /* Repositories */ = {
			isa = PBXGroup;
			children = (
				29F8A4B62D004B0B005521B4 /* BusinessStatusRepositoryImpl.swift */,
			);
			path = Repositories;
			sourceTree = "<group>";
		};
		29F8A4932D003A6A005521B4 /* Data */ = {
			isa = PBXGroup;
			children = (
				3BB589EC2D0170E3008A93E1 /* Storage */,
				29F8A4BC2D004DC8005521B4 /* Network */,
				29F8A4982D003AD7005521B4 /* DataTrsnsfer */,
				29F8A4922D00380F005521B4 /* Repositories */,
			);
			path = Data;
			sourceTree = "<group>";
		};
		29F8A4942D003A72005521B4 /* Applications */ = {
			isa = PBXGroup;
			children = (
				29F8A4602D0035E9005521B4 /* BusinessNumberValidateApp.swift */,
				29F8A46B2D0035ED005521B4 /* BusinessNumberValidate.xcdatamodeld */,
			);
			path = Applications;
			sourceTree = "<group>";
		};
		29F8A4952D003A7A005521B4 /* Resources */ = {
			isa = PBXGroup;
			children = (
				29F8A4642D0035ED005521B4 /* Assets.xcassets */,
			);
			path = Resources;
			sourceTree = "<group>";
		};
		29F8A4962D003A87005521B4 /* Interfaces */ = {
			isa = PBXGroup;
			children = (
				29F8A4AF2D0040D0005521B4 /* BusinessStatusRepository.swift */,
			);
			path = Interfaces;
			sourceTree = "<group>";
		};
		29F8A4982D003AD7005521B4 /* DataTrsnsfer */ = {
			isa = PBXGroup;
			children = (
				3BB589F32D0173AB008A93E1 /* BusinessStatusEntity.swift */,
				29F8A4B82D004B51005521B4 /* BusinessStatusDTO.swift */,
				29F8A4BA2D004BFF005521B4 /* ResponseDTO.swift */,
			);
			path = DataTrsnsfer;
			sourceTree = "<group>";
		};
		29F8A4992D003B18005521B4 /* Presentation */ = {
			isa = PBXGroup;
			children = (
				29F8A49B2D003B3E005521B4 /* Views */,
				29F8A49A2D003B39005521B4 /* Reducers */,
			);
			path = Presentation;
			sourceTree = "<group>";
		};
		29F8A49A2D003B39005521B4 /* Reducers */ = {
			isa = PBXGroup;
			children = (
				29F8A4A42D003ECD005521B4 /* BusinessStatusReducer.swift */,
			);
			name = Reducers;
			sourceTree = "<group>";
		};
		29F8A49B2D003B3E005521B4 /* Views */ = {
			isa = PBXGroup;
			children = (
				29F8A49D2D003D52005521B4 /* BusinessStatusView.swift */,
				3BD214372D01B89000E88F2E /* BusinessStatusView_Previews.swift */,
				3BD2142F2D01B6FC00E88F2E /* MainContentView.swift */,
				3BD214312D01B76200E88F2E /* StatusOrErrorView.swift */,
				3BD214332D01B78400E88F2E /* FetchButton.swift */,
				3BD214352D01B79400E88F2E /* TextFieldView.swift */,
				29F8A4A22D003EBD005521B4 /* LoadingView.swift */,
				3BD214392D01C11400E88F2E /* ErrorToastView.swift */,
			);
			name = Views;
			sourceTree = "<group>";
		};
		29F8A4BC2D004DC8005521B4 /* Network */ = {
			isa = PBXGroup;
			children = (
				3BD214292D01979C00E88F2E /* NetworkTask.swift */,
				3BD2142D2D0197D400E88F2E /* NetworkMonitor.swift */,
				3BD2142B2D0197B600E88F2E /* TaskQueue.swift */,
				29F8A4BD2D004DDB005521B4 /* APIClient.swift */,
				3BB589E42D00976C008A93E1 /* APIError.swift */,
				29F8A4BF2D004DE6005521B4 /* Endpoint.swift */,
			);
			path = Network;
			sourceTree = "<group>";
		};
		3BB589E62D00A46D008A93E1 /* Mock */ = {
			isa = PBXGroup;
			children = (
				3BB589E72D00A487008A93E1 /* MockAPIClient.swift */,
				3BD214262D017CB800E88F2E /* MockBusinessStatusStorage.swift */,
			);
			path = Mock;
			sourceTree = "<group>";
		};
		3BB589E92D00A4AC008A93E1 /* Tests */ = {
			isa = PBXGroup;
			children = (
				3BB589EA2D00A4B3008A93E1 /* BusinessStatusRepositoryTests.swift */,
			);
			path = Tests;
			sourceTree = "<group>";
		};
		3BB589EC2D0170E3008A93E1 /* Storage */ = {
			isa = PBXGroup;
			children = (
				3BB589F12D0171AE008A93E1 /* CoreDataConvertible.swift */,
				3BB589EF2D01715B008A93E1 /* CoreDataStack.swift */,
				3BB589ED2D0170F1008A93E1 /* BusinessStatusStorage.swift */,
			);
			path = Storage;
			sourceTree = "<group>";
		};
/* End PBXGroup section */

/* Begin PBXNativeTarget section */
		29F8A45C2D0035E9005521B4 /* BusinessNumberValidate */ = {
			isa = PBXNativeTarget;
			buildConfigurationList = 29F8A4862D0035EE005521B4 /* Build configuration list for PBXNativeTarget "BusinessNumberValidate" */;
			buildPhases = (
				29F8A4592D0035E9005521B4 /* Sources */,
				29F8A45A2D0035E9005521B4 /* Frameworks */,
				29F8A45B2D0035E9005521B4 /* Resources */,
			);
			buildRules = (
			);
			dependencies = (
			);
			name = BusinessNumberValidate;
			packageProductDependencies = (
				29F8A4A02D003E91005521B4 /* ComposableArchitecture */,
				29C4C9242D005F6C006A1D48 /* Swinject */,
			);
			productName = BusinessNumberValidate;
			productReference = 29F8A45D2D0035E9005521B4 /* BusinessNumberValidate.app */;
			productType = "com.apple.product-type.application";
		};
		29F8A4712D0035EE005521B4 /* BusinessNumberValidateTests */ = {
			isa = PBXNativeTarget;
			buildConfigurationList = 29F8A4892D0035EE005521B4 /* Build configuration list for PBXNativeTarget "BusinessNumberValidateTests" */;
			buildPhases = (
				29F8A46E2D0035EE005521B4 /* Sources */,
				29F8A46F2D0035EE005521B4 /* Frameworks */,
				29F8A4702D0035EE005521B4 /* Resources */,
			);
			buildRules = (
			);
			dependencies = (
				29F8A4742D0035EE005521B4 /* PBXTargetDependency */,
			);
			name = BusinessNumberValidateTests;
			productName = BusinessNumberValidateTests;
			productReference = 29F8A4722D0035EE005521B4 /* BusinessNumberValidateTests.xctest */;
			productType = "com.apple.product-type.bundle.unit-test";
		};
		29F8A47B2D0035EE005521B4 /* BusinessNumberValidateUITests */ = {
			isa = PBXNativeTarget;
			buildConfigurationList = 29F8A48C2D0035EE005521B4 /* Build configuration list for PBXNativeTarget "BusinessNumberValidateUITests" */;
			buildPhases = (
				29F8A4782D0035EE005521B4 /* Sources */,
				29F8A4792D0035EE005521B4 /* Frameworks */,
				29F8A47A2D0035EE005521B4 /* Resources */,
			);
			buildRules = (
			);
			dependencies = (
				29F8A47E2D0035EE005521B4 /* PBXTargetDependency */,
			);
			name = BusinessNumberValidateUITests;
			productName = BusinessNumberValidateUITests;
			productReference = 29F8A47C2D0035EE005521B4 /* BusinessNumberValidateUITests.xctest */;
			productType = "com.apple.product-type.bundle.ui-testing";
		};
/* End PBXNativeTarget section */

/* Begin PBXProject section */
		29F8A4552D0035E9005521B4 /* Project object */ = {
			isa = PBXProject;
			attributes = {
				BuildIndependentTargetsInParallel = 1;
				LastSwiftUpdateCheck = 1520;
				LastUpgradeCheck = 1520;
				TargetAttributes = {
					29F8A45C2D0035E9005521B4 = {
						CreatedOnToolsVersion = 15.2;
					};
					29F8A4712D0035EE005521B4 = {
						CreatedOnToolsVersion = 15.2;
						TestTargetID = 29F8A45C2D0035E9005521B4;
					};
					29F8A47B2D0035EE005521B4 = {
						CreatedOnToolsVersion = 15.2;
						TestTargetID = 29F8A45C2D0035E9005521B4;
					};
				};
			};
			buildConfigurationList = 29F8A4582D0035E9005521B4 /* Build configuration list for PBXProject "BusinessNumberValidate" */;
			compatibilityVersion = "Xcode 14.0";
			developmentRegion = en;
			hasScannedForEncodings = 0;
			knownRegions = (
				en,
				Base,
			);
			mainGroup = 29F8A4542D0035E9005521B4;
			packageReferences = (
				29F8A49F2D003E91005521B4 /* XCRemoteSwiftPackageReference "swift-composable-architecture" */,
				29C4C9232D005F6C006A1D48 /* XCRemoteSwiftPackageReference "Swinject" */,
			);
			productRefGroup = 29F8A45E2D0035E9005521B4 /* Products */;
			projectDirPath = "";
			projectRoot = "";
			targets = (
				29F8A45C2D0035E9005521B4 /* BusinessNumberValidate */,
				29F8A4712D0035EE005521B4 /* BusinessNumberValidateTests */,
				29F8A47B2D0035EE005521B4 /* BusinessNumberValidateUITests */,
			);
		};
/* End PBXProject section */

/* Begin PBXResourcesBuildPhase section */
		29F8A45B2D0035E9005521B4 /* Resources */ = {
			isa = PBXResourcesBuildPhase;
			buildActionMask = 2147483647;
			files = (
				29F8A4682D0035ED005521B4 /* Preview Assets.xcassets in Resources */,
				29F8A4652D0035ED005521B4 /* Assets.xcassets in Resources */,
			);
			runOnlyForDeploymentPostprocessing = 0;
		};
		29F8A4702D0035EE005521B4 /* Resources */ = {
			isa = PBXResourcesBuildPhase;
			buildActionMask = 2147483647;
			files = (
			);
			runOnlyForDeploymentPostprocessing = 0;
		};
		29F8A47A2D0035EE005521B4 /* Resources */ = {
			isa = PBXResourcesBuildPhase;
			buildActionMask = 2147483647;
			files = (
			);
			runOnlyForDeploymentPostprocessing = 0;
		};
/* End PBXResourcesBuildPhase section */

/* Begin PBXSourcesBuildPhase section */
		29F8A4592D0035E9005521B4 /* Sources */ = {
			isa = PBXSourcesBuildPhase;
			buildActionMask = 2147483647;
			files = (
				3BB589EE2D0170F9008A93E1 /* BusinessStatusStorage.swift in Sources */,
				3BD2142A2D0197A300E88F2E /* NetworkTask.swift in Sources */,
				3BD214322D01B76500E88F2E /* StatusOrErrorView.swift in Sources */,
				29F8A4B72D004B0B005521B4 /* BusinessStatusRepositoryImpl.swift in Sources */,
				29C4C92C2D005F9A006A1D48 /* PresentationAssembly.swift in Sources */,
				29F8A4B22D004108005521B4 /* FetchBusinessStatusUseCase.swift in Sources */,
				29F8A4BB2D004BFF005521B4 /* ResponseDTO.swift in Sources */,
				3BD214382D01B89200E88F2E /* BusinessStatusView_Previews.swift in Sources */,
				3BD2142C2D0197B800E88F2E /* TaskQueue.swift in Sources */,
				29F8A46D2D0035ED005521B4 /* BusinessNumberValidate.xcdatamodeld in Sources */,
				29C4C92A2D005F90006A1D48 /* DomainAssembly.swift in Sources */,
				3BD2142E2D0197D700E88F2E /* NetworkMonitor.swift in Sources */,
				29F8A4A52D003ECD005521B4 /* BusinessStatusReducer.swift in Sources */,
				29F8A4B92D004B51005521B4 /* BusinessStatusDTO.swift in Sources */,
				3BB589F02D01715D008A93E1 /* CoreDataStack.swift in Sources */,
				3BB589E52D009773008A93E1 /* APIError.swift in Sources */,
				29F8A49E2D003D52005521B4 /* BusinessStatusView.swift in Sources */,
				29F8A4B02D0040D0005521B4 /* BusinessStatusRepository.swift in Sources */,
				3BD2143A2D01C11400E88F2E /* ErrorToastView.swift in Sources */,
				3BB589F42D0173AE008A93E1 /* BusinessStatusEntity.swift in Sources */,
				3BD214342D01B78500E88F2E /* FetchButton.swift in Sources */,
				29F8A4612D0035E9005521B4 /* BusinessNumberValidateApp.swift in Sources */,
				29F8A4BE2D004DDB005521B4 /* APIClient.swift in Sources */,
				3BB589E32D0095F3008A93E1 /* BusinessError.swift in Sources */,
				29F8A4A32D003EBD005521B4 /* LoadingView.swift in Sources */,
				29C4C9282D005F86006A1D48 /* DataAssembly.swift in Sources */,
				3BD214302D01B70900E88F2E /* MainContentView.swift in Sources */,
				29F8A4AE2D0040B7005521B4 /* BusinessStatus.swift in Sources */,
				3BD214362D01B79700E88F2E /* TextFieldView.swift in Sources */,
				29C4C92E2D006164006A1D48 /* DependencyInjector.swift in Sources */,
				29F8A4C02D004DE6005521B4 /* Endpoint.swift in Sources */,
				3BB589F22D0171B2008A93E1 /* CoreDataConvertible.swift in Sources */,
			);
			runOnlyForDeploymentPostprocessing = 0;
		};
		29F8A46E2D0035EE005521B4 /* Sources */ = {
			isa = PBXSourcesBuildPhase;
			buildActionMask = 2147483647;
			files = (
				3BD214272D017CBA00E88F2E /* MockBusinessStatusStorage.swift in Sources */,
				3BB589EB2D00A4B7008A93E1 /* BusinessStatusRepositoryTests.swift in Sources */,
				3BB589E82D00A48A008A93E1 /* MockAPIClient.swift in Sources */,
			);
			runOnlyForDeploymentPostprocessing = 0;
		};
		29F8A4782D0035EE005521B4 /* Sources */ = {
			isa = PBXSourcesBuildPhase;
			buildActionMask = 2147483647;
			files = (
				29F8A4812D0035EE005521B4 /* BusinessNumberValidateUITests.swift in Sources */,
				29F8A4832D0035EE005521B4 /* BusinessNumberValidateUITestsLaunchTests.swift in Sources */,
			);
			runOnlyForDeploymentPostprocessing = 0;
		};
/* End PBXSourcesBuildPhase section */

/* Begin PBXTargetDependency section */
		29F8A4742D0035EE005521B4 /* PBXTargetDependency */ = {
			isa = PBXTargetDependency;
			target = 29F8A45C2D0035E9005521B4 /* BusinessNumberValidate */;
			targetProxy = 29F8A4732D0035EE005521B4 /* PBXContainerItemProxy */;
		};
		29F8A47E2D0035EE005521B4 /* PBXTargetDependency */ = {
			isa = PBXTargetDependency;
			target = 29F8A45C2D0035E9005521B4 /* BusinessNumberValidate */;
			targetProxy = 29F8A47D2D0035EE005521B4 /* PBXContainerItemProxy */;
		};
/* End PBXTargetDependency section */

/* Begin XCBuildConfiguration section */
		29F8A4842D0035EE005521B4 /* Debug */ = {
			isa = XCBuildConfiguration;
			buildSettings = {
				ALWAYS_SEARCH_USER_PATHS = NO;
				ASSETCATALOG_COMPILER_GENERATE_SWIFT_ASSET_SYMBOL_EXTENSIONS = YES;
				CLANG_ANALYZER_NONNULL = YES;
				CLANG_ANALYZER_NUMBER_OBJECT_CONVERSION = YES_AGGRESSIVE;
				CLANG_CXX_LANGUAGE_STANDARD = "gnu++20";
				CLANG_ENABLE_MODULES = YES;
				CLANG_ENABLE_OBJC_ARC = YES;
				CLANG_ENABLE_OBJC_WEAK = YES;
				CLANG_WARN_BLOCK_CAPTURE_AUTORELEASING = YES;
				CLANG_WARN_BOOL_CONVERSION = YES;
				CLANG_WARN_COMMA = YES;
				CLANG_WARN_CONSTANT_CONVERSION = YES;
				CLANG_WARN_DEPRECATED_OBJC_IMPLEMENTATIONS = YES;
				CLANG_WARN_DIRECT_OBJC_ISA_USAGE = YES_ERROR;
				CLANG_WARN_DOCUMENTATION_COMMENTS = YES;
				CLANG_WARN_EMPTY_BODY = YES;
				CLANG_WARN_ENUM_CONVERSION = YES;
				CLANG_WARN_INFINITE_RECURSION = YES;
				CLANG_WARN_INT_CONVERSION = YES;
				CLANG_WARN_NON_LITERAL_NULL_CONVERSION = YES;
				CLANG_WARN_OBJC_IMPLICIT_RETAIN_SELF = YES;
				CLANG_WARN_OBJC_LITERAL_CONVERSION = YES;
				CLANG_WARN_OBJC_ROOT_CLASS = YES_ERROR;
				CLANG_WARN_QUOTED_INCLUDE_IN_FRAMEWORK_HEADER = YES;
				CLANG_WARN_RANGE_LOOP_ANALYSIS = YES;
				CLANG_WARN_STRICT_PROTOTYPES = YES;
				CLANG_WARN_SUSPICIOUS_MOVE = YES;
				CLANG_WARN_UNGUARDED_AVAILABILITY = YES_AGGRESSIVE;
				CLANG_WARN_UNREACHABLE_CODE = YES;
				CLANG_WARN__DUPLICATE_METHOD_MATCH = YES;
				COPY_PHASE_STRIP = NO;
				DEBUG_INFORMATION_FORMAT = dwarf;
				ENABLE_STRICT_OBJC_MSGSEND = YES;
				ENABLE_TESTABILITY = YES;
				ENABLE_USER_SCRIPT_SANDBOXING = YES;
				GCC_C_LANGUAGE_STANDARD = gnu17;
				GCC_DYNAMIC_NO_PIC = NO;
				GCC_NO_COMMON_BLOCKS = YES;
				GCC_OPTIMIZATION_LEVEL = 0;
				GCC_PREPROCESSOR_DEFINITIONS = (
					"DEBUG=1",
					"$(inherited)",
				);
				GCC_WARN_64_TO_32_BIT_CONVERSION = YES;
				GCC_WARN_ABOUT_RETURN_TYPE = YES_ERROR;
				GCC_WARN_UNDECLARED_SELECTOR = YES;
				GCC_WARN_UNINITIALIZED_AUTOS = YES_AGGRESSIVE;
				GCC_WARN_UNUSED_FUNCTION = YES;
				GCC_WARN_UNUSED_VARIABLE = YES;
				IPHONEOS_DEPLOYMENT_TARGET = 17.2;
				LOCALIZATION_PREFERS_STRING_CATALOGS = YES;
				MTL_ENABLE_DEBUG_INFO = INCLUDE_SOURCE;
				MTL_FAST_MATH = YES;
				ONLY_ACTIVE_ARCH = YES;
				SDKROOT = iphoneos;
				SWIFT_ACTIVE_COMPILATION_CONDITIONS = "DEBUG $(inherited)";
				SWIFT_OPTIMIZATION_LEVEL = "-Onone";
			};
			name = Debug;
		};
		29F8A4852D0035EE005521B4 /* Release */ = {
			isa = XCBuildConfiguration;
			buildSettings = {
				ALWAYS_SEARCH_USER_PATHS = NO;
				ASSETCATALOG_COMPILER_GENERATE_SWIFT_ASSET_SYMBOL_EXTENSIONS = YES;
				CLANG_ANALYZER_NONNULL = YES;
				CLANG_ANALYZER_NUMBER_OBJECT_CONVERSION = YES_AGGRESSIVE;
				CLANG_CXX_LANGUAGE_STANDARD = "gnu++20";
				CLANG_ENABLE_MODULES = YES;
				CLANG_ENABLE_OBJC_ARC = YES;
				CLANG_ENABLE_OBJC_WEAK = YES;
				CLANG_WARN_BLOCK_CAPTURE_AUTORELEASING = YES;
				CLANG_WARN_BOOL_CONVERSION = YES;
				CLANG_WARN_COMMA = YES;
				CLANG_WARN_CONSTANT_CONVERSION = YES;
				CLANG_WARN_DEPRECATED_OBJC_IMPLEMENTATIONS = YES;
				CLANG_WARN_DIRECT_OBJC_ISA_USAGE = YES_ERROR;
				CLANG_WARN_DOCUMENTATION_COMMENTS = YES;
				CLANG_WARN_EMPTY_BODY = YES;
				CLANG_WARN_ENUM_CONVERSION = YES;
				CLANG_WARN_INFINITE_RECURSION = YES;
				CLANG_WARN_INT_CONVERSION = YES;
				CLANG_WARN_NON_LITERAL_NULL_CONVERSION = YES;
				CLANG_WARN_OBJC_IMPLICIT_RETAIN_SELF = YES;
				CLANG_WARN_OBJC_LITERAL_CONVERSION = YES;
				CLANG_WARN_OBJC_ROOT_CLASS = YES_ERROR;
				CLANG_WARN_QUOTED_INCLUDE_IN_FRAMEWORK_HEADER = YES;
				CLANG_WARN_RANGE_LOOP_ANALYSIS = YES;
				CLANG_WARN_STRICT_PROTOTYPES = YES;
				CLANG_WARN_SUSPICIOUS_MOVE = YES;
				CLANG_WARN_UNGUARDED_AVAILABILITY = YES_AGGRESSIVE;
				CLANG_WARN_UNREACHABLE_CODE = YES;
				CLANG_WARN__DUPLICATE_METHOD_MATCH = YES;
				COPY_PHASE_STRIP = NO;
				DEBUG_INFORMATION_FORMAT = "dwarf-with-dsym";
				ENABLE_NS_ASSERTIONS = NO;
				ENABLE_STRICT_OBJC_MSGSEND = YES;
				ENABLE_USER_SCRIPT_SANDBOXING = YES;
				GCC_C_LANGUAGE_STANDARD = gnu17;
				GCC_NO_COMMON_BLOCKS = YES;
				GCC_WARN_64_TO_32_BIT_CONVERSION = YES;
				GCC_WARN_ABOUT_RETURN_TYPE = YES_ERROR;
				GCC_WARN_UNDECLARED_SELECTOR = YES;
				GCC_WARN_UNINITIALIZED_AUTOS = YES_AGGRESSIVE;
				GCC_WARN_UNUSED_FUNCTION = YES;
				GCC_WARN_UNUSED_VARIABLE = YES;
				IPHONEOS_DEPLOYMENT_TARGET = 17.2;
				LOCALIZATION_PREFERS_STRING_CATALOGS = YES;
				MTL_ENABLE_DEBUG_INFO = NO;
				MTL_FAST_MATH = YES;
				SDKROOT = iphoneos;
				SWIFT_COMPILATION_MODE = wholemodule;
				VALIDATE_PRODUCT = YES;
			};
			name = Release;
		};
		29F8A4872D0035EE005521B4 /* Debug */ = {
			isa = XCBuildConfiguration;
			buildSettings = {
				ASSETCATALOG_COMPILER_APPICON_NAME = AppIcon;
				ASSETCATALOG_COMPILER_GLOBAL_ACCENT_COLOR_NAME = AccentColor;
				CODE_SIGN_STYLE = Automatic;
				CURRENT_PROJECT_VERSION = 1;
				DEVELOPMENT_ASSET_PATHS = "\"BusinessNumberValidate/Preview Content\"";
				DEVELOPMENT_TEAM = 7ZGFAWH8RN;
				ENABLE_PREVIEWS = YES;
				GENERATE_INFOPLIST_FILE = YES;
				INFOPLIST_KEY_UIApplicationSceneManifest_Generation = YES;
				INFOPLIST_KEY_UIApplicationSupportsIndirectInputEvents = YES;
				INFOPLIST_KEY_UILaunchScreen_Generation = YES;
				INFOPLIST_KEY_UISupportedInterfaceOrientations_iPad = "UIInterfaceOrientationPortrait UIInterfaceOrientationPortraitUpsideDown UIInterfaceOrientationLandscapeLeft UIInterfaceOrientationLandscapeRight";
				INFOPLIST_KEY_UISupportedInterfaceOrientations_iPhone = "UIInterfaceOrientationPortrait UIInterfaceOrientationLandscapeLeft UIInterfaceOrientationLandscapeRight";
				IPHONEOS_DEPLOYMENT_TARGET = 15;
				LD_RUNPATH_SEARCH_PATHS = (
					"$(inherited)",
					"@executable_path/Frameworks",
				);
				MARKETING_VERSION = 1.0;
				PRODUCT_BUNDLE_IDENTIFIER = com.jellywork.BusinessNumberValidate;
				PRODUCT_NAME = "$(TARGET_NAME)";
				SWIFT_EMIT_LOC_STRINGS = YES;
				SWIFT_VERSION = 5.0;
				TARGETED_DEVICE_FAMILY = "1,2";
			};
			name = Debug;
		};
		29F8A4882D0035EE005521B4 /* Release */ = {
			isa = XCBuildConfiguration;
			buildSettings = {
				ASSETCATALOG_COMPILER_APPICON_NAME = AppIcon;
				ASSETCATALOG_COMPILER_GLOBAL_ACCENT_COLOR_NAME = AccentColor;
				CODE_SIGN_STYLE = Automatic;
				CURRENT_PROJECT_VERSION = 1;
				DEVELOPMENT_ASSET_PATHS = "\"BusinessNumberValidate/Preview Content\"";
				DEVELOPMENT_TEAM = 7ZGFAWH8RN;
				ENABLE_PREVIEWS = YES;
				GENERATE_INFOPLIST_FILE = YES;
				INFOPLIST_KEY_UIApplicationSceneManifest_Generation = YES;
				INFOPLIST_KEY_UIApplicationSupportsIndirectInputEvents = YES;
				INFOPLIST_KEY_UILaunchScreen_Generation = YES;
				INFOPLIST_KEY_UISupportedInterfaceOrientations_iPad = "UIInterfaceOrientationPortrait UIInterfaceOrientationPortraitUpsideDown UIInterfaceOrientationLandscapeLeft UIInterfaceOrientationLandscapeRight";
				INFOPLIST_KEY_UISupportedInterfaceOrientations_iPhone = "UIInterfaceOrientationPortrait UIInterfaceOrientationLandscapeLeft UIInterfaceOrientationLandscapeRight";
				IPHONEOS_DEPLOYMENT_TARGET = 15;
				LD_RUNPATH_SEARCH_PATHS = (
					"$(inherited)",
					"@executable_path/Frameworks",
				);
				MARKETING_VERSION = 1.0;
				PRODUCT_BUNDLE_IDENTIFIER = com.jellywork.BusinessNumberValidate;
				PRODUCT_NAME = "$(TARGET_NAME)";
				SWIFT_EMIT_LOC_STRINGS = YES;
				SWIFT_VERSION = 5.0;
				TARGETED_DEVICE_FAMILY = "1,2";
			};
			name = Release;
		};
		29F8A48A2D0035EE005521B4 /* Debug */ = {
			isa = XCBuildConfiguration;
			buildSettings = {
				ALWAYS_EMBED_SWIFT_STANDARD_LIBRARIES = YES;
				BUNDLE_LOADER = "$(TEST_HOST)";
				CODE_SIGN_STYLE = Automatic;
				CURRENT_PROJECT_VERSION = 1;
				DEVELOPMENT_TEAM = 7ZGFAWH8RN;
				GENERATE_INFOPLIST_FILE = YES;
				IPHONEOS_DEPLOYMENT_TARGET = 17.2;
				MARKETING_VERSION = 1.0;
				PRODUCT_BUNDLE_IDENTIFIER = com.jellywork.BusinessNumberValidateTests;
				PRODUCT_NAME = "$(TARGET_NAME)";
				SWIFT_EMIT_LOC_STRINGS = NO;
				SWIFT_VERSION = 5.0;
				TARGETED_DEVICE_FAMILY = "1,2";
				TEST_HOST = "$(BUILT_PRODUCTS_DIR)/BusinessNumberValidate.app/$(BUNDLE_EXECUTABLE_FOLDER_PATH)/BusinessNumberValidate";
			};
			name = Debug;
		};
		29F8A48B2D0035EE005521B4 /* Release */ = {
			isa = XCBuildConfiguration;
			buildSettings = {
				ALWAYS_EMBED_SWIFT_STANDARD_LIBRARIES = YES;
				BUNDLE_LOADER = "$(TEST_HOST)";
				CODE_SIGN_STYLE = Automatic;
				CURRENT_PROJECT_VERSION = 1;
				DEVELOPMENT_TEAM = 7ZGFAWH8RN;
				GENERATE_INFOPLIST_FILE = YES;
				IPHONEOS_DEPLOYMENT_TARGET = 17.2;
				MARKETING_VERSION = 1.0;
				PRODUCT_BUNDLE_IDENTIFIER = com.jellywork.BusinessNumberValidateTests;
				PRODUCT_NAME = "$(TARGET_NAME)";
				SWIFT_EMIT_LOC_STRINGS = NO;
				SWIFT_VERSION = 5.0;
				TARGETED_DEVICE_FAMILY = "1,2";
				TEST_HOST = "$(BUILT_PRODUCTS_DIR)/BusinessNumberValidate.app/$(BUNDLE_EXECUTABLE_FOLDER_PATH)/BusinessNumberValidate";
			};
			name = Release;
		};
		29F8A48D2D0035EE005521B4 /* Debug */ = {
			isa = XCBuildConfiguration;
			buildSettings = {
				ALWAYS_EMBED_SWIFT_STANDARD_LIBRARIES = YES;
				CODE_SIGN_STYLE = Automatic;
				CURRENT_PROJECT_VERSION = 1;
				DEVELOPMENT_TEAM = 7ZGFAWH8RN;
				GENERATE_INFOPLIST_FILE = YES;
				MARKETING_VERSION = 1.0;
				PRODUCT_BUNDLE_IDENTIFIER = com.jellywork.BusinessNumberValidateUITests;
				PRODUCT_NAME = "$(TARGET_NAME)";
				SWIFT_EMIT_LOC_STRINGS = NO;
				SWIFT_VERSION = 5.0;
				TARGETED_DEVICE_FAMILY = "1,2";
				TEST_TARGET_NAME = BusinessNumberValidate;
			};
			name = Debug;
		};
		29F8A48E2D0035EE005521B4 /* Release */ = {
			isa = XCBuildConfiguration;
			buildSettings = {
				ALWAYS_EMBED_SWIFT_STANDARD_LIBRARIES = YES;
				CODE_SIGN_STYLE = Automatic;
				CURRENT_PROJECT_VERSION = 1;
				DEVELOPMENT_TEAM = 7ZGFAWH8RN;
				GENERATE_INFOPLIST_FILE = YES;
				MARKETING_VERSION = 1.0;
				PRODUCT_BUNDLE_IDENTIFIER = com.jellywork.BusinessNumberValidateUITests;
				PRODUCT_NAME = "$(TARGET_NAME)";
				SWIFT_EMIT_LOC_STRINGS = NO;
				SWIFT_VERSION = 5.0;
				TARGETED_DEVICE_FAMILY = "1,2";
				TEST_TARGET_NAME = BusinessNumberValidate;
			};
			name = Release;
		};
/* End XCBuildConfiguration section */

/* Begin XCConfigurationList section */
		29F8A4582D0035E9005521B4 /* Build configuration list for PBXProject "BusinessNumberValidate" */ = {
			isa = XCConfigurationList;
			buildConfigurations = (
				29F8A4842D0035EE005521B4 /* Debug */,
				29F8A4852D0035EE005521B4 /* Release */,
			);
			defaultConfigurationIsVisible = 0;
			defaultConfigurationName = Release;
		};
		29F8A4862D0035EE005521B4 /* Build configuration list for PBXNativeTarget "BusinessNumberValidate" */ = {
			isa = XCConfigurationList;
			buildConfigurations = (
				29F8A4872D0035EE005521B4 /* Debug */,
				29F8A4882D0035EE005521B4 /* Release */,
			);
			defaultConfigurationIsVisible = 0;
			defaultConfigurationName = Release;
		};
		29F8A4892D0035EE005521B4 /* Build configuration list for PBXNativeTarget "BusinessNumberValidateTests" */ = {
			isa = XCConfigurationList;
			buildConfigurations = (
				29F8A48A2D0035EE005521B4 /* Debug */,
				29F8A48B2D0035EE005521B4 /* Release */,
			);
			defaultConfigurationIsVisible = 0;
			defaultConfigurationName = Release;
		};
		29F8A48C2D0035EE005521B4 /* Build configuration list for PBXNativeTarget "BusinessNumberValidateUITests" */ = {
			isa = XCConfigurationList;
			buildConfigurations = (
				29F8A48D2D0035EE005521B4 /* Debug */,
				29F8A48E2D0035EE005521B4 /* Release */,
			);
			defaultConfigurationIsVisible = 0;
			defaultConfigurationName = Release;
		};
/* End XCConfigurationList section */

/* Begin XCRemoteSwiftPackageReference section */
		29C4C9232D005F6C006A1D48 /* XCRemoteSwiftPackageReference "Swinject" */ = {
			isa = XCRemoteSwiftPackageReference;
			repositoryURL = "https://github.com/Swinject/Swinject.git";
			requirement = {
				kind = upToNextMajorVersion;
				minimumVersion = 2.9.1;
			};
		};
		29F8A49F2D003E91005521B4 /* XCRemoteSwiftPackageReference "swift-composable-architecture" */ = {
			isa = XCRemoteSwiftPackageReference;
			repositoryURL = "https://github.com/pointfreeco/swift-composable-architecture.git";
			requirement = {
				kind = upToNextMajorVersion;
				minimumVersion = 1.17.0;
			};
		};
/* End XCRemoteSwiftPackageReference section */

/* Begin XCSwiftPackageProductDependency section */
		29C4C9242D005F6C006A1D48 /* Swinject */ = {
			isa = XCSwiftPackageProductDependency;
			package = 29C4C9232D005F6C006A1D48 /* XCRemoteSwiftPackageReference "Swinject" */;
			productName = Swinject;
		};
		29F8A4A02D003E91005521B4 /* ComposableArchitecture */ = {
			isa = XCSwiftPackageProductDependency;
			package = 29F8A49F2D003E91005521B4 /* XCRemoteSwiftPackageReference "swift-composable-architecture" */;
			productName = ComposableArchitecture;
		};
/* End XCSwiftPackageProductDependency section */

/* Begin XCVersionGroup section */
		29F8A46B2D0035ED005521B4 /* BusinessNumberValidate.xcdatamodeld */ = {
			isa = XCVersionGroup;
			children = (
				29F8A46C2D0035ED005521B4 /* BusinessNumberValidate.xcdatamodel */,
			);
			currentVersion = 29F8A46C2D0035ED005521B4 /* BusinessNumberValidate.xcdatamodel */;
			path = BusinessNumberValidate.xcdatamodeld;
			sourceTree = "<group>";
			versionGroupType = wrapper.xcdatamodel;
		};
/* End XCVersionGroup section */
	};
	rootObject = 29F8A4552D0035E9005521B4 /* Project object */;
}
